
Microsoft Visual Studio Solution File, Format Version 12.00
Project("{FAE04EC0-301F-11D3-BF4B-00C04F79EFBC}") = "MTA.API", "MTA.API\MTA.API.csproj", "{B8FE008A-E36D-429D-B02C-017CDE203EDA}"
EndProject
Project("{FAE04EC0-301F-11D3-BF4B-00C04F79EFBC}") = "MTA.Data", "MTA.Data\MTA.Data.csproj", "{6ABA1E82-002B-42FD-9310-0CC103CE525B}"
EndProject
Project("{FAE04EC0-301F-11D3-BF4B-00C04F79EFBC}") = "MTA.Domain", "MTA.Domain\MTA.Domain.csproj", "{C3D72B54-BF23-4C79-8866-7ACFA9131EBD}"
EndProject
Global
	GlobalSection(SolutionConfigurationPlatforms) = preSolution
		Debug|Any CPU = Debug|Any CPU
		Release|Any CPU = Release|Any CPU
	EndGlobalSection
	GlobalSection(ProjectConfigurationPlatforms) = postSolution
		{B8FE008A-E36D-429D-B02C-017CDE203EDA}.Debug|Any CPU.ActiveCfg = Debug|Any CPU
		{B8FE008A-E36D-429D-B02C-017CDE203EDA}.Debug|Any CPU.Build.0 = Debug|Any CPU
		{B8FE008A-E36D-429D-B02C-017CDE203EDA}.Release|Any CPU.ActiveCfg = Release|Any CPU
		{B8FE008A-E36D-429D-B02C-017CDE203EDA}.Release|Any CPU.Build.0 = Release|Any CPU
		{6ABA1E82-002B-42FD-9310-0CC103CE525B}.Debug|Any CPU.ActiveCfg = Debug|Any CPU
		{6ABA1E82-002B-42FD-9310-0CC103CE525B}.Debug|Any CPU.Build.0 = Debug|Any CPU
		{6ABA1E82-002B-42FD-9310-0CC103CE525B}.Release|Any CPU.ActiveCfg = Release|Any CPU
		{6ABA1E82-002B-42FD-9310-0CC103CE525B}.Release|Any CPU.Build.0 = Release|Any CPU
		{C3D72B54-BF23-4C79-8866-7ACFA9131EBD}.Debug|Any CPU.ActiveCfg = Debug|Any CPU
		{C3D72B54-BF23-4C79-8866-7ACFA9131EBD}.Debug|Any CPU.Build.0 = Debug|Any CPU
		{C3D72B54-BF23-4C79-8866-7ACFA9131EBD}.Release|Any CPU.ActiveCfg = Release|Any CPU
		{C3D72B54-BF23-4C79-8866-7ACFA9131EBD}.Release|Any CPU.Build.0 = Release|Any CPU
	EndGlobalSection
EndGlobal
